{
  "version": 4,
  "terraform_version": "1.0.11",
  "serial": 26,
  "lineage": "c16465a4-cdb0-3861-2c12-fbc8a86b8a97",
  "outputs": {},
  "resources": [
    {
      "mode": "managed",
      "type": "scaleway_instance_ip",
      "name": "server_ip",
      "provider": "provider[\"registry.terraform.io/scaleway/scaleway\"]",
      "instances": [
        {
          "schema_version": 0,
          "attributes": {
            "address": "51.158.114.253",
            "id": "fr-par-1/3ebdaf87-eec3-4e7a-96a5-7271f68dedc3",
            "organization_id": "2c1abec4-43a9-4123-9708-11ef95bbfa9c",
            "project_id": "2c1abec4-43a9-4123-9708-11ef95bbfa9c",
            "reverse": "",
            "server_id": "fr-par-1/c37f1358-b1b9-4bf1-a4d0-3437d88cde19",
            "timeouts": null,
            "zone": "fr-par-1"
          },
          "sensitive_attributes": [],
          "private": "eyJlMmJmYjczMC1lY2FhLTExZTYtOGY4OC0zNDM2M2JjN2M0YzAiOnsiY3JlYXRlIjo2MDAwMDAwMDAwMCwiZGVmYXVsdCI6NjAwMDAwMDAwMDAsImRlbGV0ZSI6NjAwMDAwMDAwMDAsInJlYWQiOjYwMDAwMDAwMDAwLCJ1cGRhdGUiOjYwMDAwMDAwMDAwfX0="
        }
      ]
    },
    {
      "mode": "managed",
      "type": "scaleway_instance_server",
      "name": "node_server",
      "provider": "provider[\"registry.terraform.io/scaleway/scaleway\"]",
      "instances": [
        {
          "status": "tainted",
          "schema_version": 0,
          "attributes": {
            "additional_volume_ids": null,
            "boot_type": "local",
            "bootscript_id": "fdfe150f-a870-4ce4-b432-9f56b5b995c1",
            "cloud_init": null,
            "enable_dynamic_ip": false,
            "enable_ipv6": false,
            "id": "fr-par-1/d9365373-3ae7-4031-856c-eb95898506c3",
            "image": "ubuntu_focal",
            "ip_id": "fr-par-1/3ebdaf87-eec3-4e7a-96a5-7271f68dedc3",
            "ipv6_address": "",
            "ipv6_gateway": "",
            "ipv6_prefix_length": 0,
            "name": "test-node-server-devops",
            "organization_id": "2c1abec4-43a9-4123-9708-11ef95bbfa9c",
            "placement_group_id": null,
            "placement_group_policy_respected": null,
            "private_ip": "10.72.2.87",
            "project_id": "2c1abec4-43a9-4123-9708-11ef95bbfa9c",
            "public_ip": "51.158.114.253",
            "root_volume": [
              {
                "delete_on_termination": true,
                "size_in_gb": 20,
                "volume_id": "fr-par-1/2b18aff8-7e89-45de-9469-65b4412f90f0"
              }
            ],
            "security_group_id": "fr-par-1/07c4af9c-457b-444e-9171-35038cafdbee",
            "state": "started",
            "tags": null,
            "timeouts": null,
            "type": "DEV1-S",
            "user_data": {
              "DATABASE_URI": "postgres://my_root_user:My_r00t_p4sSw0rD@195.154.70.55:47545/rdb"
            },
            "zone": "fr-par-1"
          },
          "sensitive_attributes": [
            [
              {
                "type": "get_attr",
                "value": "user_data"
              },
              {
                "type": "index",
                "value": {
                  "value": "DATABASE_URI",
                  "type": "string"
                }
              }
            ]
          ],
          "private": "eyJlMmJmYjczMC1lY2FhLTExZTYtOGY4OC0zNDM2M2JjN2M0YzAiOnsiY3JlYXRlIjo2MDAwMDAwMDAwMDAsImRlZmF1bHQiOjYwMDAwMDAwMDAwMCwiZGVsZXRlIjo2MDAwMDAwMDAwMDAsInJlYWQiOjYwMDAwMDAwMDAwMCwidXBkYXRlIjo2MDAwMDAwMDAwMDB9fQ==",
          "dependencies": [
            "scaleway_instance_ip.server_ip",
            "scaleway_rdb_instance.database"
          ]
        }
      ]
    },
    {
      "mode": "managed",
      "type": "scaleway_rdb_instance",
      "name": "database",
      "provider": "provider[\"registry.terraform.io/scaleway/scaleway\"]",
      "instances": [
        {
          "schema_version": 0,
          "attributes": {
            "certificate": "-----BEGIN CERTIFICATE-----\nMIID9TCCAt2gAwIBAgIUes1Jr2a/GwtJvCg4JOXUEzWaJtgwDQYJKoZIhvcNAQEL\nBQAwgYcxCzAJBgNVBAYTAkZSMQ4wDAYDVQQIDAVQYXJpczEOMAwGA1UEBwwFUGFy\naXMxETAPBgNVBAoMCFNjYWxld2F5MUUwQwYDVQQDDDxydy1hYmY4NjRjYS04NzVi\nLTQyOTEtODRkOS01MDMzMWJhMjYzOTMucmRiLmZyLXBhci5zY3cuY2xvdWQwHhcN\nMjExMTE2MTM1ODA2WhcNMzExMTE0MTM1ODA2WjCBhzELMAkGA1UEBhMCRlIxDjAM\nBgNVBAgMBVBhcmlzMQ4wDAYDVQQHDAVQYXJpczERMA8GA1UECgwIU2NhbGV3YXkx\nRTBDBgNVBAMMPHJ3LWFiZjg2NGNhLTg3NWItNDI5MS04NGQ5LTUwMzMxYmEyNjM5\nMy5yZGIuZnItcGFyLnNjdy5jbG91ZDCCASIwDQYJKoZIhvcNAQEBBQADggEPADCC\nAQoCggEBALvg8gbMVVNCwMyMLK6qPLaWdbBpxg/cRErrReN8NPfIT2b6tNdg/C/Z\n6yiZMX4Ikt/waSpuqRdP20q84ju4NFs2aBxo1SNHsfJGgBS9/JUYccGv2FBHnvRy\nZEc1tj+d4IRYL5k1cIHn6snv2UvvBQ8tM0JqlyTGUAL9HvbQ7wjC7OHKg9Ru9rCG\n3bgZobdYx4mqh9ID8R3lvYRiq7mfTwbbhyhWPttGE8ZWdB4x4NbwERiHU6goQO0f\nvKMoo8aWdvJ9HfNChL6fRx555nIrbx+oERaWPZWOkO3Qshgh78pEX+LOYS0NOlHl\nClY41enJyRvpXz/vkSvZIO/aU7WE1nkCAwEAAaNXMFUwUwYDVR0RBEwwSoI8cnct\nYWJmODY0Y2EtODc1Yi00MjkxLTg0ZDktNTAzMzFiYTI2MzkzLnJkYi5mci1wYXIu\nc2N3LmNsb3VkhwSjrKYfhwTDmkY3MA0GCSqGSIb3DQEBCwUAA4IBAQADww9ZXam/\niDl1QLwM/bKln88Cc+mbla8W24qj0V0pNayU+XLC1MHHZHMMjcxkDhDfYw6gQtdI\nwu/+hi/2c1BhApOcJTZuMrGT4zkSUbL6KNq235U9fu5SeBExhrvuK9N27tM3iwfs\nR/1LveH+Ng75/V6bUhcTZRQOKT+h9keMcMN9ZeK3U08D8jRqXYaREaiE8QL9yyOq\n3hHXy/ITJynJZG0Yzt24xj6qSDPiCI/XzgNIVBUenSj99pViCizEYOVndZVLVSea\nNOFr/s11WzzfjEAH4gnex2ush1891GOxadPyhBf6c+evHkYhnv3XaYhJziXOp/QU\nY4oljwJ8KUcl\n-----END CERTIFICATE-----\n",
            "disable_backup": true,
            "endpoint_ip": "195.154.70.55",
            "endpoint_port": 47545,
            "engine": "PostgreSQL-12",
            "id": "fr-par/abf864ca-875b-4291-84d9-50331ba26393",
            "is_ha_cluster": false,
            "name": "test-database-devops",
            "node_type": "db-dev-s",
            "organization_id": "2c1abec4-43a9-4123-9708-11ef95bbfa9c",
            "password": "My_r00t_p4sSw0rD",
            "project_id": "2c1abec4-43a9-4123-9708-11ef95bbfa9c",
            "read_replicas": [],
            "region": "fr-par",
            "settings": {
              "effective_cache_size": "1300",
              "maintenance_work_mem": "150",
              "max_connections": "100",
              "max_parallel_workers": "0",
              "max_parallel_workers_per_gather": "0",
              "work_mem": "4"
            },
            "tags": [],
            "timeouts": null,
            "user_name": "my_root_user",
            "volume_size_in_gb": 5,
            "volume_type": "lssd"
          },
          "sensitive_attributes": [],
          "private": "eyJlMmJmYjczMC1lY2FhLTExZTYtOGY4OC0zNDM2M2JjN2M0YzAiOnsiY3JlYXRlIjo5MDAwMDAwMDAwMDAsImRlZmF1bHQiOjkwMDAwMDAwMDAwMCwiZGVsZXRlIjo5MDAwMDAwMDAwMDAsInJlYWQiOjkwMDAwMDAwMDAwMCwidXBkYXRlIjo5MDAwMDAwMDAwMDB9fQ=="
        }
      ]
    }
  ]
}
