{
  "version": 4,
  "terraform_version": "1.0.11",
  "serial": 186,
  "lineage": "c16465a4-cdb0-3861-2c12-fbc8a86b8a97",
  "outputs": {},
  "resources": [
    {
      "mode": "managed",
      "type": "scaleway_instance_ip",
      "name": "server_ip",
      "provider": "provider[\"registry.terraform.io/scaleway/scaleway\"]",
      "instances": [
        {
          "index_key": 0,
          "schema_version": 0,
          "attributes": {
            "address": "163.172.183.15",
            "id": "fr-par-1/346dac8e-2aa3-45ad-8363-c633ce864da7",
            "organization_id": "2c1abec4-43a9-4123-9708-11ef95bbfa9c",
            "project_id": "2c1abec4-43a9-4123-9708-11ef95bbfa9c",
            "reverse": "",
            "server_id": "fr-par-1/f03b081e-583a-4e54-a378-8908fb3e6be0",
            "timeouts": null,
            "zone": "fr-par-1"
          },
          "sensitive_attributes": [],
          "private": "eyJlMmJmYjczMC1lY2FhLTExZTYtOGY4OC0zNDM2M2JjN2M0YzAiOnsiY3JlYXRlIjo2MDAwMDAwMDAwMCwiZGVmYXVsdCI6NjAwMDAwMDAwMDAsImRlbGV0ZSI6NjAwMDAwMDAwMDAsInJlYWQiOjYwMDAwMDAwMDAwLCJ1cGRhdGUiOjYwMDAwMDAwMDAwfX0="
        },
        {
          "index_key": 1,
          "schema_version": 0,
          "attributes": {
            "address": "51.158.114.253",
            "id": "fr-par-1/3ebdaf87-eec3-4e7a-96a5-7271f68dedc3",
            "organization_id": "2c1abec4-43a9-4123-9708-11ef95bbfa9c",
            "project_id": "2c1abec4-43a9-4123-9708-11ef95bbfa9c",
            "reverse": "",
            "server_id": "fr-par-1/11478e4f-9f4c-42c0-83b9-4dc2d911a90e",
            "timeouts": null,
            "zone": "fr-par-1"
          },
          "sensitive_attributes": [],
          "private": "eyJlMmJmYjczMC1lY2FhLTExZTYtOGY4OC0zNDM2M2JjN2M0YzAiOnsiY3JlYXRlIjo2MDAwMDAwMDAwMCwiZGVmYXVsdCI6NjAwMDAwMDAwMDAsImRlbGV0ZSI6NjAwMDAwMDAwMDAsInJlYWQiOjYwMDAwMDAwMDAwLCJ1cGRhdGUiOjYwMDAwMDAwMDAwfX0="
        }
      ]
    },
    {
      "mode": "managed",
      "type": "scaleway_instance_security_group",
      "name": "web",
      "provider": "provider[\"registry.terraform.io/scaleway/scaleway\"]",
      "instances": [
        {
          "schema_version": 0,
          "attributes": {
            "description": "",
            "enable_default_security": true,
            "external_rules": false,
            "id": "fr-par-1/f51b082a-5ea2-46d6-b259-6d3d046c82c5",
            "inbound_default_policy": "drop",
            "inbound_rule": [
              {
                "action": "accept",
                "ip": "51.159.27.87",
                "ip_range": "",
                "port": 80,
                "port_range": "",
                "protocol": "TCP"
              }
            ],
            "name": "tf-sg-kind-lamarr",
            "organization_id": "2c1abec4-43a9-4123-9708-11ef95bbfa9c",
            "outbound_default_policy": "accept",
            "outbound_rule": [],
            "project_id": "2c1abec4-43a9-4123-9708-11ef95bbfa9c",
            "stateful": true,
            "timeouts": null,
            "zone": "fr-par-1"
          },
          "sensitive_attributes": [],
          "private": "eyJlMmJmYjczMC1lY2FhLTExZTYtOGY4OC0zNDM2M2JjN2M0YzAiOnsiY3JlYXRlIjo2MDAwMDAwMDAwMCwiZGVmYXVsdCI6NjAwMDAwMDAwMDAsImRlbGV0ZSI6NjAwMDAwMDAwMDAsInJlYWQiOjYwMDAwMDAwMDAwLCJ1cGRhdGUiOjYwMDAwMDAwMDAwfX0=",
          "dependencies": [
            "scaleway_lb_ip.ip",
            "scaleway_lb.base_lb"
          ]
        }
      ]
    },
    {
      "mode": "managed",
      "type": "scaleway_instance_server",
      "name": "servers",
      "provider": "provider[\"registry.terraform.io/scaleway/scaleway\"]",
      "instances": [
        {
          "index_key": 0,
          "schema_version": 0,
          "attributes": {
            "additional_volume_ids": [],
            "boot_type": "local",
            "bootscript_id": "fdfe150f-a870-4ce4-b432-9f56b5b995c1",
            "cloud_init": null,
            "enable_dynamic_ip": false,
            "enable_ipv6": false,
            "id": "fr-par-1/f03b081e-583a-4e54-a378-8908fb3e6be0",
            "image": "ubuntu_focal",
            "ip_id": "fr-par-1/346dac8e-2aa3-45ad-8363-c633ce864da7",
            "ipv6_address": "",
            "ipv6_gateway": "",
            "ipv6_prefix_length": 0,
            "name": "test-node-server-devops",
            "organization_id": "2c1abec4-43a9-4123-9708-11ef95bbfa9c",
            "placement_group_id": null,
            "placement_group_policy_respected": null,
            "private_ip": "10.68.156.77",
            "project_id": "2c1abec4-43a9-4123-9708-11ef95bbfa9c",
            "public_ip": "163.172.183.15",
            "root_volume": [
              {
                "delete_on_termination": true,
                "size_in_gb": 20,
                "volume_id": "fr-par-1/f9cd77a4-098e-4310-91a8-7ba1cfae4a26"
              }
            ],
            "security_group_id": "fr-par-1/07c4af9c-457b-444e-9171-35038cafdbee",
            "state": "started",
            "tags": [],
            "timeouts": null,
            "type": "DEV1-S",
            "user_data": {
              "DATABASE_URI": "postgres://my_root_user:My_r00t_p4sSw0rD@51.159.10.229:8226/rdb"
            },
            "zone": "fr-par-1"
          },
          "sensitive_attributes": [
            [
              {
                "type": "get_attr",
                "value": "user_data"
              },
              {
                "type": "index",
                "value": {
                  "value": "DATABASE_URI",
                  "type": "string"
                }
              }
            ]
          ],
          "private": "eyJlMmJmYjczMC1lY2FhLTExZTYtOGY4OC0zNDM2M2JjN2M0YzAiOnsiY3JlYXRlIjo2MDAwMDAwMDAwMDAsImRlZmF1bHQiOjYwMDAwMDAwMDAwMCwiZGVsZXRlIjo2MDAwMDAwMDAwMDAsInJlYWQiOjYwMDAwMDAwMDAwMCwidXBkYXRlIjo2MDAwMDAwMDAwMDB9fQ==",
          "dependencies": [
            "scaleway_instance_ip.server_ip",
            "scaleway_rdb_instance.database"
          ]
        },
        {
          "index_key": 1,
          "schema_version": 0,
          "attributes": {
            "additional_volume_ids": [],
            "boot_type": "local",
            "bootscript_id": "fdfe150f-a870-4ce4-b432-9f56b5b995c1",
            "cloud_init": null,
            "enable_dynamic_ip": false,
            "enable_ipv6": false,
            "id": "fr-par-1/11478e4f-9f4c-42c0-83b9-4dc2d911a90e",
            "image": "ubuntu_focal",
            "ip_id": "fr-par-1/3ebdaf87-eec3-4e7a-96a5-7271f68dedc3",
            "ipv6_address": "",
            "ipv6_gateway": "",
            "ipv6_prefix_length": 0,
            "name": "test-node-server-devops",
            "organization_id": "2c1abec4-43a9-4123-9708-11ef95bbfa9c",
            "placement_group_id": null,
            "placement_group_policy_respected": null,
            "private_ip": "10.68.166.47",
            "project_id": "2c1abec4-43a9-4123-9708-11ef95bbfa9c",
            "public_ip": "51.158.114.253",
            "root_volume": [
              {
                "delete_on_termination": true,
                "size_in_gb": 20,
                "volume_id": "fr-par-1/cb1b4fe1-b102-4d15-a9d6-1b0c2f812ef0"
              }
            ],
            "security_group_id": "fr-par-1/07c4af9c-457b-444e-9171-35038cafdbee",
            "state": "started",
            "tags": [],
            "timeouts": null,
            "type": "DEV1-S",
            "user_data": {
              "DATABASE_URI": "postgres://my_root_user:My_r00t_p4sSw0rD@51.159.10.229:8226/rdb"
            },
            "zone": "fr-par-1"
          },
          "sensitive_attributes": [
            [
              {
                "type": "get_attr",
                "value": "user_data"
              },
              {
                "type": "index",
                "value": {
                  "value": "DATABASE_URI",
                  "type": "string"
                }
              }
            ]
          ],
          "private": "eyJlMmJmYjczMC1lY2FhLTExZTYtOGY4OC0zNDM2M2JjN2M0YzAiOnsiY3JlYXRlIjo2MDAwMDAwMDAwMDAsImRlZmF1bHQiOjYwMDAwMDAwMDAwMCwiZGVsZXRlIjo2MDAwMDAwMDAwMDAsInJlYWQiOjYwMDAwMDAwMDAwMCwidXBkYXRlIjo2MDAwMDAwMDAwMDB9fQ==",
          "dependencies": [
            "scaleway_instance_ip.server_ip",
            "scaleway_rdb_instance.database"
          ]
        }
      ]
    },
    {
      "mode": "managed",
      "type": "scaleway_lb",
      "name": "base_lb",
      "provider": "provider[\"registry.terraform.io/scaleway/scaleway\"]",
      "instances": [
        {
          "schema_version": 1,
          "attributes": {
            "id": "fr-par-1/7996a9fe-572e-472a-8115-dea627e3ea98",
            "ip_address": "51.159.27.87",
            "ip_id": "fr-par-1/6c19269f-729e-47f7-93a1-5c8f0ec180d0",
            "name": "tf-lb-brave-feynman",
            "organization_id": "2c1abec4-43a9-4123-9708-11ef95bbfa9c",
            "project_id": "2c1abec4-43a9-4123-9708-11ef95bbfa9c",
            "region": "fr-par",
            "tags": [],
            "timeouts": null,
            "type": "LB-S",
            "zone": "fr-par-1"
          },
          "sensitive_attributes": [],
          "private": "eyJlMmJmYjczMC1lY2FhLTExZTYtOGY4OC0zNDM2M2JjN2M0YzAiOnsiY3JlYXRlIjo2MDAwMDAwMDAwMDAsImRlZmF1bHQiOjYwMDAwMDAwMDAwMCwiZGVsZXRlIjo2MDAwMDAwMDAwMDAsInJlYWQiOjYwMDAwMDAwMDAwMCwidXBkYXRlIjo2MDAwMDAwMDAwMDB9LCJzY2hlbWFfdmVyc2lvbiI6IjEifQ==",
          "dependencies": [
            "scaleway_lb_ip.ip"
          ]
        }
      ]
    },
    {
      "mode": "managed",
      "type": "scaleway_lb_backend",
      "name": "backend01",
      "provider": "provider[\"registry.terraform.io/scaleway/scaleway\"]",
      "instances": [
        {
          "schema_version": 1,
          "attributes": {
            "forward_port": 80,
            "forward_port_algorithm": "roundrobin",
            "forward_protocol": "http",
            "health_check_delay": "1m0s",
            "health_check_http": [],
            "health_check_https": [],
            "health_check_max_retries": 2,
            "health_check_port": 80,
            "health_check_tcp": [
              {}
            ],
            "health_check_timeout": "30s",
            "id": "fr-par-1/0a8144fb-203a-4821-87e2-ca1ea4a71228",
            "lb_id": "fr-par-1/7996a9fe-572e-472a-8115-dea627e3ea98",
            "name": "backend01",
            "on_marked_down_action": "none",
            "proxy_protocol": "none",
            "send_proxy_v2": false,
            "server_ips": [
              "10.68.156.77",
              "10.68.166.47"
            ],
            "sticky_sessions": "none",
            "sticky_sessions_cookie_name": "",
            "timeout_connect": "",
            "timeout_server": "",
            "timeout_tunnel": "",
            "timeouts": null
          },
          "sensitive_attributes": [],
          "private": "eyJlMmJmYjczMC1lY2FhLTExZTYtOGY4OC0zNDM2M2JjN2M0YzAiOnsiY3JlYXRlIjo2MDAwMDAwMDAwMDAsImRlZmF1bHQiOjYwMDAwMDAwMDAwMCwiZGVsZXRlIjo2MDAwMDAwMDAwMDAsInJlYWQiOjYwMDAwMDAwMDAwMCwidXBkYXRlIjo2MDAwMDAwMDAwMDB9LCJzY2hlbWFfdmVyc2lvbiI6IjEifQ==",
          "dependencies": [
            "scaleway_instance_server.servers",
            "scaleway_lb.base_lb",
            "scaleway_lb_ip.ip",
            "scaleway_rdb_instance.database",
            "scaleway_instance_ip.server_ip"
          ]
        }
      ]
    },
    {
      "mode": "managed",
      "type": "scaleway_lb_certificate",
      "name": "certificate",
      "provider": "provider[\"registry.terraform.io/scaleway/scaleway\"]",
      "instances": [
        {
          "schema_version": 1,
          "attributes": {
            "common_name": "51.159.27.87.sslip.io",
            "custom_certificate": [],
            "fingerprint": "2195d8f59d71a2e8d0d1b299ca4f9addc3b14277",
            "id": "fr-par-1/b5566081-aa35-45ef-8b1e-7edb11a027d3",
            "lb_id": "fr-par-1/7996a9fe-572e-472a-8115-dea627e3ea98",
            "letsencrypt": [
              {
                "common_name": "51.159.27.87.sslip.io",
                "subject_alternative_name": []
              }
            ],
            "name": "tf-lb-cert-sleepy-cartwright",
            "not_valid_after": "2022-02-15T12:15:16Z",
            "not_valid_before": "2021-11-17T12:15:17Z",
            "status": "ready",
            "subject_alternative_name": [],
            "timeouts": null
          },
          "sensitive_attributes": [],
          "private": "eyJlMmJmYjczMC1lY2FhLTExZTYtOGY4OC0zNDM2M2JjN2M0YzAiOnsiY3JlYXRlIjo2MDAwMDAwMDAwMDAsImRlZmF1bHQiOjYwMDAwMDAwMDAwMCwiZGVsZXRlIjo2MDAwMDAwMDAwMDAsInJlYWQiOjYwMDAwMDAwMDAwMCwidXBkYXRlIjo2MDAwMDAwMDAwMDB9LCJzY2hlbWFfdmVyc2lvbiI6IjEifQ==",
          "dependencies": [
            "scaleway_lb.base_lb",
            "scaleway_lb_ip.ip"
          ]
        }
      ]
    },
    {
      "mode": "managed",
      "type": "scaleway_lb_frontend",
      "name": "frontend01",
      "provider": "provider[\"registry.terraform.io/scaleway/scaleway\"]",
      "instances": [
        {
          "schema_version": 1,
          "attributes": {
            "acl": [],
            "backend_id": "fr-par-1/0a8144fb-203a-4821-87e2-ca1ea4a71228",
            "certificate_id": "fr-par-1/b5566081-aa35-45ef-8b1e-7edb11a027d3",
            "id": "fr-par-1/0be4dacd-21f3-4b75-8d16-99c1a41c5912",
            "inbound_port": 443,
            "lb_id": "fr-par-1/7996a9fe-572e-472a-8115-dea627e3ea98",
            "name": "frontend01",
            "timeout_client": "",
            "timeouts": null
          },
          "sensitive_attributes": [],
          "private": "eyJlMmJmYjczMC1lY2FhLTExZTYtOGY4OC0zNDM2M2JjN2M0YzAiOnsiY3JlYXRlIjo2MDAwMDAwMDAwMDAsImRlZmF1bHQiOjYwMDAwMDAwMDAwMCwiZGVsZXRlIjo2MDAwMDAwMDAwMDAsInJlYWQiOjYwMDAwMDAwMDAwMCwidXBkYXRlIjo2MDAwMDAwMDAwMDB9LCJzY2hlbWFfdmVyc2lvbiI6IjEifQ==",
          "dependencies": [
            "scaleway_instance_ip.server_ip",
            "scaleway_instance_server.servers",
            "scaleway_lb.base_lb",
            "scaleway_lb_backend.backend01",
            "scaleway_lb_certificate.certificate",
            "scaleway_lb_ip.ip",
            "scaleway_rdb_instance.database"
          ]
        }
      ]
    },
    {
      "mode": "managed",
      "type": "scaleway_lb_ip",
      "name": "ip",
      "provider": "provider[\"registry.terraform.io/scaleway/scaleway\"]",
      "instances": [
        {
          "schema_version": 1,
          "attributes": {
            "id": "fr-par-1/6c19269f-729e-47f7-93a1-5c8f0ec180d0",
            "ip_address": "51.159.27.87",
            "lb_id": "7996a9fe-572e-472a-8115-dea627e3ea98",
            "organization_id": "2c1abec4-43a9-4123-9708-11ef95bbfa9c",
            "project_id": "2c1abec4-43a9-4123-9708-11ef95bbfa9c",
            "region": "fr-par",
            "reverse": "51-159-27-87.lb.fr-par.scw.cloud",
            "timeouts": null,
            "zone": "fr-par-1"
          },
          "sensitive_attributes": [],
          "private": "eyJlMmJmYjczMC1lY2FhLTExZTYtOGY4OC0zNDM2M2JjN2M0YzAiOnsiY3JlYXRlIjo2MDAwMDAwMDAwMDAsImRlZmF1bHQiOjYwMDAwMDAwMDAwMCwiZGVsZXRlIjo2MDAwMDAwMDAwMDAsInJlYWQiOjYwMDAwMDAwMDAwMCwidXBkYXRlIjo2MDAwMDAwMDAwMDB9LCJzY2hlbWFfdmVyc2lvbiI6IjEifQ=="
        }
      ]
    },
    {
      "mode": "managed",
      "type": "scaleway_rdb_instance",
      "name": "database",
      "provider": "provider[\"registry.terraform.io/scaleway/scaleway\"]",
      "instances": [
        {
          "schema_version": 0,
          "attributes": {
            "certificate": "-----BEGIN CERTIFICATE-----\nMIID9TCCAt2gAwIBAgIUSIkfmsxLjDUG1KO8KDXVCSahqw8wDQYJKoZIhvcNAQEL\nBQAwgYcxCzAJBgNVBAYTAkZSMQ4wDAYDVQQIDAVQYXJpczEOMAwGA1UEBwwFUGFy\naXMxETAPBgNVBAoMCFNjYWxld2F5MUUwQwYDVQQDDDxydy03MDc3OWI4MS05OTE0\nLTQ2MDUtYWU2OC0yZTA5YTljZWQ4OGMucmRiLmZyLXBhci5zY3cuY2xvdWQwHhcN\nMjExMTE3MTI1MTQ4WhcNMzExMTE1MTI1MTQ4WjCBhzELMAkGA1UEBhMCRlIxDjAM\nBgNVBAgMBVBhcmlzMQ4wDAYDVQQHDAVQYXJpczERMA8GA1UECgwIU2NhbGV3YXkx\nRTBDBgNVBAMMPHJ3LTcwNzc5YjgxLTk5MTQtNDYwNS1hZTY4LTJlMDlhOWNlZDg4\nYy5yZGIuZnItcGFyLnNjdy5jbG91ZDCCASIwDQYJKoZIhvcNAQEBBQADggEPADCC\nAQoCggEBALYdkWRJ7zxHljJOyDL7hH8+vY/ENK+tQms19lZSVuizmVmUZWJkMTk9\nritWexo5qZk7Nek6Le9DGldi50BpryNP2mJkN7EQ6AVxocTmEkx1dqzbV/xQv7f0\nzZLInLHcKCEGPwfWosu+drro6tiFLDClexeLott32KcVdsCBuWcvogy128pFGrOy\nVwaRUiIGwqdpAtp0uDVIOZSo29zYxj3crbjHU0y9MbCPUxIiSuN6m/a+Ar2Qy14+\nCpztajdHt5Bw7YVDMbYrpaGdg4ua4Id6jsbe2TKVAz4jUt+9+vAoWkByrOOdlKFv\nkw3aoofgmWRgXJj6BIgKwa0mhGDdgSsCAwEAAaNXMFUwUwYDVR0RBEwwSoI8cnct\nNzA3NzliODEtOTkxNC00NjA1LWFlNjgtMmUwOWE5Y2VkODhjLnJkYi5mci1wYXIu\nc2N3LmNsb3VkhwTUL+0dhwQznwrlMA0GCSqGSIb3DQEBCwUAA4IBAQBhfio1D/jW\n+1ojcrYf2zUTnhSGSKa89t/QQWYh2YnIqB/M6LfcGlQ2DaZzhQiumGfI0bjkhNik\nyoWHZd0NYq5tsiz7zY+hY5XFApHN0K0PROv+yOcX763SE7BfRUv2Qwm1/8D+D2+9\nW5DrqkQJnpSb22m81g7SffeDAF+epK3jqz4iCrSvECsFTgEbQcffS4J0s4oiQxw8\n4aUNVLaqBK7lTJV9jq1ml1Xp49mCxO4r+aEh2TICLPqCuvMvbgb6StSvaHUKy9wJ\nqFzfL7r4525vOTTWuHCAigvjYMd7+rCeXXYLtxtZGnJ2BmwtOQPPBt58EN6GtaQf\n00ZDGiYeU6NJ\n-----END CERTIFICATE-----\n",
            "disable_backup": true,
            "endpoint_ip": "51.159.10.229",
            "endpoint_port": 8226,
            "engine": "PostgreSQL-12",
            "id": "fr-par/70779b81-9914-4605-ae68-2e09a9ced88c",
            "is_ha_cluster": false,
            "name": "test-database-devops",
            "node_type": "db-dev-s",
            "organization_id": "2c1abec4-43a9-4123-9708-11ef95bbfa9c",
            "password": "My_r00t_p4sSw0rD",
            "project_id": "2c1abec4-43a9-4123-9708-11ef95bbfa9c",
            "read_replicas": [],
            "region": "fr-par",
            "settings": {
              "effective_cache_size": "1300",
              "maintenance_work_mem": "150",
              "max_connections": "100",
              "max_parallel_workers": "0",
              "max_parallel_workers_per_gather": "0",
              "work_mem": "4"
            },
            "tags": [],
            "timeouts": null,
            "user_name": "my_root_user",
            "volume_size_in_gb": 5,
            "volume_type": "lssd"
          },
          "sensitive_attributes": [],
          "private": "eyJlMmJmYjczMC1lY2FhLTExZTYtOGY4OC0zNDM2M2JjN2M0YzAiOnsiY3JlYXRlIjo5MDAwMDAwMDAwMDAsImRlZmF1bHQiOjkwMDAwMDAwMDAwMCwiZGVsZXRlIjo5MDAwMDAwMDAwMDAsInJlYWQiOjkwMDAwMDAwMDAwMCwidXBkYXRlIjo5MDAwMDAwMDAwMDB9fQ=="
        }
      ]
    }
  ]
}
