{
  "version": 4,
  "terraform_version": "1.0.11",
  "serial": 55,
  "lineage": "c16465a4-cdb0-3861-2c12-fbc8a86b8a97",
  "outputs": {},
  "resources": [
    {
      "mode": "managed",
      "type": "scaleway_instance_ip",
      "name": "server_ip",
      "provider": "provider[\"registry.terraform.io/scaleway/scaleway\"]",
      "instances": [
        {
          "schema_version": 0,
          "attributes": {
            "address": "51.158.114.253",
            "id": "fr-par-1/3ebdaf87-eec3-4e7a-96a5-7271f68dedc3",
            "organization_id": "2c1abec4-43a9-4123-9708-11ef95bbfa9c",
            "project_id": "2c1abec4-43a9-4123-9708-11ef95bbfa9c",
            "reverse": "",
            "server_id": "fr-par-1/85a2e73e-bfd2-4b02-92ad-5d130bc94141",
            "timeouts": null,
            "zone": "fr-par-1"
          },
          "sensitive_attributes": [],
          "private": "eyJlMmJmYjczMC1lY2FhLTExZTYtOGY4OC0zNDM2M2JjN2M0YzAiOnsiY3JlYXRlIjo2MDAwMDAwMDAwMCwiZGVmYXVsdCI6NjAwMDAwMDAwMDAsImRlbGV0ZSI6NjAwMDAwMDAwMDAsInJlYWQiOjYwMDAwMDAwMDAwLCJ1cGRhdGUiOjYwMDAwMDAwMDAwfX0="
        }
      ]
    },
    {
      "mode": "managed",
      "type": "scaleway_instance_server",
      "name": "node_serverrs",
      "provider": "provider[\"registry.terraform.io/scaleway/scaleway\"]",
      "instances": [
        {
          "status": "tainted",
          "schema_version": 0,
          "attributes": {
            "additional_volume_ids": null,
            "boot_type": "local",
            "bootscript_id": "fdfe150f-a870-4ce4-b432-9f56b5b995c1",
            "cloud_init": null,
            "enable_dynamic_ip": false,
            "enable_ipv6": false,
            "id": "fr-par-1/701c9077-0686-4752-9356-a79d6fdf9195",
            "image": "ubuntu_focal",
            "ip_id": "fr-par-1/3ebdaf87-eec3-4e7a-96a5-7271f68dedc3",
            "ipv6_address": "",
            "ipv6_gateway": "",
            "ipv6_prefix_length": 0,
            "name": "test-node-server-devops",
            "organization_id": "2c1abec4-43a9-4123-9708-11ef95bbfa9c",
            "placement_group_id": null,
            "placement_group_policy_respected": null,
            "private_ip": "10.64.238.5",
            "project_id": "2c1abec4-43a9-4123-9708-11ef95bbfa9c",
            "public_ip": "51.158.114.253",
            "root_volume": [
              {
                "delete_on_termination": true,
                "size_in_gb": 20,
                "volume_id": "fr-par-1/dbb149fb-3550-4c03-ad80-4c9a5057ac32"
              }
            ],
            "security_group_id": "fr-par-1/07c4af9c-457b-444e-9171-35038cafdbee",
            "state": "started",
            "tags": null,
            "timeouts": null,
            "type": "DEV1-S",
            "user_data": {
              "DATABASE_URI": "postgres://my_root_user:My_r00t_p4sSw0rD@51.159.9.176:19848/rdb"
            },
            "zone": "fr-par-1"
          },
          "sensitive_attributes": [
            [
              {
                "type": "get_attr",
                "value": "user_data"
              },
              {
                "type": "index",
                "value": {
                  "value": "DATABASE_URI",
                  "type": "string"
                }
              }
            ]
          ],
          "private": "eyJlMmJmYjczMC1lY2FhLTExZTYtOGY4OC0zNDM2M2JjN2M0YzAiOnsiY3JlYXRlIjo2MDAwMDAwMDAwMDAsImRlZmF1bHQiOjYwMDAwMDAwMDAwMCwiZGVsZXRlIjo2MDAwMDAwMDAwMDAsInJlYWQiOjYwMDAwMDAwMDAwMCwidXBkYXRlIjo2MDAwMDAwMDAwMDB9fQ==",
          "dependencies": [
            "scaleway_instance_ip.server_ip",
            "scaleway_rdb_instance.database"
          ]
        }
      ]
    },
    {
      "mode": "managed",
      "type": "scaleway_rdb_instance",
      "name": "database",
      "provider": "provider[\"registry.terraform.io/scaleway/scaleway\"]",
      "instances": [
        {
          "schema_version": 0,
          "attributes": {
            "certificate": "-----BEGIN CERTIFICATE-----\nMIID9TCCAt2gAwIBAgIUMX5jcXAUYukVcSMSkhbkGoeQht0wDQYJKoZIhvcNAQEL\nBQAwgYcxCzAJBgNVBAYTAkZSMQ4wDAYDVQQIDAVQYXJpczEOMAwGA1UEBwwFUGFy\naXMxETAPBgNVBAoMCFNjYWxld2F5MUUwQwYDVQQDDDxydy1lNGMwMDM4Ni01MzMw\nLTRhNDYtOGJjOS1hM2EzMDJlNWRiYmYucmRiLmZyLXBhci5zY3cuY2xvdWQwHhcN\nMjExMTE3MDcxNjE4WhcNMzExMTE1MDcxNjE4WjCBhzELMAkGA1UEBhMCRlIxDjAM\nBgNVBAgMBVBhcmlzMQ4wDAYDVQQHDAVQYXJpczERMA8GA1UECgwIU2NhbGV3YXkx\nRTBDBgNVBAMMPHJ3LWU0YzAwMzg2LTUzMzAtNGE0Ni04YmM5LWEzYTMwMmU1ZGJi\nZi5yZGIuZnItcGFyLnNjdy5jbG91ZDCCASIwDQYJKoZIhvcNAQEBBQADggEPADCC\nAQoCggEBAL6tedOpHOg7Ti+zdXnQok29NcaXChrZRnpwJM6j7RDu2oSvwelz9sgK\no4Hb9L2GgnOassRP31tmVTez9CHjV4B2rtbl58A9Cf01P+6vbp8J1DwPqbrebcvr\nZownuEpX1hvUfxmY7XDYTwLZ2iWr4TKsE5EkVNnNGfHwxaZ4voh8GhmRE2LW2D//\nJcXlIRGA7hgKPBZH6EdIBjMbIjFj9lKtt4tkrbSlgdMdW/xGp2CjqnSKlUIYOWCc\ndy1uAX3Y7NhdBAMDN9fH4961NDYOughsgoZWb12E1nDNiA/Qgbyv5bvN91+y+iUt\nZGYqWdRcQaHuen45VFdqTNWZ3TP53T8CAwEAAaNXMFUwUwYDVR0RBEwwSoI8cnct\nZTRjMDAzODYtNTMzMC00YTQ2LThiYzktYTNhMzAyZTVkYmJmLnJkYi5mci1wYXIu\nc2N3LmNsb3VkhwTUL+2GhwQznwmwMA0GCSqGSIb3DQEBCwUAA4IBAQAQ3a11+zgh\nPoMol0pMUMxE7wGopuCrUNDENV3KYY+Ae66gJgOOLx6hwbdUPRr6pHupnxxFW7TD\nbV3e9V2Ygt9uJAktadAln96C2J0CY/zyz2vkc/03E1KbKg93bQOiI3M2WK3Y8n2X\nM7nlKqdG27nKvzT4TywwyZBb90iuNkwRUmXkMpkSgMdffZl+EMom9N2U2JzPf49w\nDDm0+gDsU1zjl6LYInlxUUg5cGVCfzytycEYH75+mBTxpiQYKFvCaB5qOhqTcctR\n7ytvn3Jrs2YgrIKaaGJeIJlY3G3n5WiHBGbfE3W5+Z2ZUZz+b/TOk7cCHC2jQ8TT\nqmRQ9QVCnflx\n-----END CERTIFICATE-----\n",
            "disable_backup": true,
            "endpoint_ip": "51.159.9.176",
            "endpoint_port": 19848,
            "engine": "PostgreSQL-12",
            "id": "fr-par/e4c00386-5330-4a46-8bc9-a3a302e5dbbf",
            "is_ha_cluster": false,
            "name": "test-database-devops",
            "node_type": "db-dev-s",
            "organization_id": "2c1abec4-43a9-4123-9708-11ef95bbfa9c",
            "password": "My_r00t_p4sSw0rD",
            "project_id": "2c1abec4-43a9-4123-9708-11ef95bbfa9c",
            "read_replicas": [],
            "region": "fr-par",
            "settings": {
              "effective_cache_size": "1300",
              "maintenance_work_mem": "150",
              "max_connections": "100",
              "max_parallel_workers": "0",
              "max_parallel_workers_per_gather": "0",
              "work_mem": "4"
            },
            "tags": [],
            "timeouts": null,
            "user_name": "my_root_user",
            "volume_size_in_gb": 5,
            "volume_type": "lssd"
          },
          "sensitive_attributes": [],
          "private": "eyJlMmJmYjczMC1lY2FhLTExZTYtOGY4OC0zNDM2M2JjN2M0YzAiOnsiY3JlYXRlIjo5MDAwMDAwMDAwMDAsImRlZmF1bHQiOjkwMDAwMDAwMDAwMCwiZGVsZXRlIjo5MDAwMDAwMDAwMDAsInJlYWQiOjkwMDAwMDAwMDAwMCwidXBkYXRlIjo5MDAwMDAwMDAwMDB9fQ=="
        }
      ]
    }
  ]
}
