{
  "version": 4,
  "terraform_version": "1.0.11",
  "serial": 43,
  "lineage": "c16465a4-cdb0-3861-2c12-fbc8a86b8a97",
  "outputs": {},
  "resources": [
    {
      "mode": "managed",
      "type": "scaleway_instance_ip",
      "name": "server_ip",
      "provider": "provider[\"registry.terraform.io/scaleway/scaleway\"]",
      "instances": [
        {
          "schema_version": 0,
          "attributes": {
            "address": "51.158.114.253",
            "id": "fr-par-1/3ebdaf87-eec3-4e7a-96a5-7271f68dedc3",
            "organization_id": "2c1abec4-43a9-4123-9708-11ef95bbfa9c",
            "project_id": "2c1abec4-43a9-4123-9708-11ef95bbfa9c",
            "reverse": "",
            "server_id": "fr-par-1/2b6b84df-31dd-4a0b-b9bf-3aee959a60f8",
            "timeouts": null,
            "zone": "fr-par-1"
          },
          "sensitive_attributes": [],
          "private": "eyJlMmJmYjczMC1lY2FhLTExZTYtOGY4OC0zNDM2M2JjN2M0YzAiOnsiY3JlYXRlIjo2MDAwMDAwMDAwMCwiZGVmYXVsdCI6NjAwMDAwMDAwMDAsImRlbGV0ZSI6NjAwMDAwMDAwMDAsInJlYWQiOjYwMDAwMDAwMDAwLCJ1cGRhdGUiOjYwMDAwMDAwMDAwfX0="
        }
      ]
    },
    {
      "mode": "managed",
      "type": "scaleway_rdb_instance",
      "name": "database",
      "provider": "provider[\"registry.terraform.io/scaleway/scaleway\"]",
      "instances": [
        {
          "schema_version": 0,
          "attributes": {
            "certificate": "-----BEGIN CERTIFICATE-----\nMIID9TCCAt2gAwIBAgIULuEjIUJfpydg7iZv9RSTmAKwzocwDQYJKoZIhvcNAQEL\nBQAwgYcxCzAJBgNVBAYTAkZSMQ4wDAYDVQQIDAVQYXJpczEOMAwGA1UEBwwFUGFy\naXMxETAPBgNVBAoMCFNjYWxld2F5MUUwQwYDVQQDDDxydy0xMGM2YzBkYy0zM2Vj\nLTQ0ZGUtOWUxNS1kZTIzNWNlNWZmZjgucmRiLmZyLXBhci5zY3cuY2xvdWQwHhcN\nMjExMTE2MTYwODU4WhcNMzExMTE0MTYwODU4WjCBhzELMAkGA1UEBhMCRlIxDjAM\nBgNVBAgMBVBhcmlzMQ4wDAYDVQQHDAVQYXJpczERMA8GA1UECgwIU2NhbGV3YXkx\nRTBDBgNVBAMMPHJ3LTEwYzZjMGRjLTMzZWMtNDRkZS05ZTE1LWRlMjM1Y2U1ZmZm\nOC5yZGIuZnItcGFyLnNjdy5jbG91ZDCCASIwDQYJKoZIhvcNAQEBBQADggEPADCC\nAQoCggEBAMb9h1iSSxkcTEj9pRqFJ9tuz5oYOvYGZYv0Tbh6ZjVgM62qoTDEmc02\nAT+8lWtSfO3hZkrHsGV/3UUCGsLtTGbmbqRs1LoOupRO02tfed+IH9IcbDFdc+br\nbFnuFLaDIR22ewY+E3EaeSB8gp3aoPZwUcmme/0QZy55D6tADn+welg4++lg+hoZ\n57B3N6HlXjJZPQ9MZy7k1f4B54ID9uCbro6jN93jlh293z3JzXoS7DbDtpCEz46S\npfK9TFQxhEC7DA51GtkcB8FRzvrDJvY9QUKfifqRN0mRa9ddvptmYCkp3mM6ZItc\nRBmS/RO0KTZKu1ABe+hFCCU55u0kKJUCAwEAAaNXMFUwUwYDVR0RBEwwSoI8cnct\nMTBjNmMwZGMtMzNlYy00NGRlLTllMTUtZGUyMzVjZTVmZmY4LnJkYi5mci1wYXIu\nc2N3LmNsb3VkhwSjrKYfhwTDmkY3MA0GCSqGSIb3DQEBCwUAA4IBAQA972nGWr9y\ndMKHUhIjSsn0FRmh6G1DO2L2j3ExwS59RJRTsybdrzRY3z3gIUi1lNLNr36vmUN1\nKEcWiaGvasd71UnzuNIE5ylQ5x4uSq6XrmrHHx13zxRvdA+pRDURaEt0gaC+gveA\n1x3MLz6wBQUbHq9IGfLx1c7iPQmix13vjNk9MLo4g/8s2wjeigKAABI/9AhgoXf6\nxyAJ9hNtwKyIy8SjQ7Iitx+rqWfkDIDFLwljhPSK9pcmSy7RyK5/xJrb0uNs4zHX\noVhUtB+0gHpqk7L4PWYDfh8YdO5ZXV62S4ZLnokwILbQQphEaWm5WwVl/1KVdiLx\nyuRGAbHogjVr\n-----END CERTIFICATE-----\n",
            "disable_backup": true,
            "endpoint_ip": "195.154.70.55",
            "endpoint_port": 26407,
            "engine": "PostgreSQL-12",
            "id": "fr-par/10c6c0dc-33ec-44de-9e15-de235ce5fff8",
            "is_ha_cluster": false,
            "name": "test-database-devops",
            "node_type": "db-dev-s",
            "organization_id": "2c1abec4-43a9-4123-9708-11ef95bbfa9c",
            "password": "My_r00t_p4sSw0rD",
            "project_id": "2c1abec4-43a9-4123-9708-11ef95bbfa9c",
            "read_replicas": [],
            "region": "fr-par",
            "settings": {
              "effective_cache_size": "1300",
              "maintenance_work_mem": "150",
              "max_connections": "100",
              "max_parallel_workers": "0",
              "max_parallel_workers_per_gather": "0",
              "work_mem": "4"
            },
            "tags": [],
            "timeouts": null,
            "user_name": "my_root_user",
            "volume_size_in_gb": 5,
            "volume_type": "lssd"
          },
          "sensitive_attributes": [],
          "private": "eyJlMmJmYjczMC1lY2FhLTExZTYtOGY4OC0zNDM2M2JjN2M0YzAiOnsiY3JlYXRlIjo5MDAwMDAwMDAwMDAsImRlZmF1bHQiOjkwMDAwMDAwMDAwMCwiZGVsZXRlIjo5MDAwMDAwMDAwMDAsInJlYWQiOjkwMDAwMDAwMDAwMCwidXBkYXRlIjo5MDAwMDAwMDAwMDB9fQ=="
        }
      ]
    }
  ]
}
